
Microsoft Visual Studio Solution File, Format Version 12.00
# Visual Studio Version 16
VisualStudioVersion = 16.0.31911.196
MinimumVisualStudioVersion = 10.0.40219.1
Project("{FAE04EC0-301F-11D3-BF4B-00C04F79EFBC}") = "myConsoleApp", "myConsoleApp\myConsoleApp.csproj", "{1BD6BA10-E10F-4E76-9184-A09955C143C8}"
EndProject
Global
	GlobalSection(SolutionConfigurationPlatforms) = preSolution
		Debug|Any CPU = Debug|Any CPU
		Release|Any CPU = Release|Any CPU
	EndGlobalSection
	GlobalSection(ProjectConfigurationPlatforms) = postSolution
		{1BD6BA10-E10F-4E76-9184-A09955C143C8}.Debug|Any CPU.ActiveCfg = Debug|Any CPU
		{1BD6BA10-E10F-4E76-9184-A09955C143C8}.Debug|Any CPU.Build.0 = Debug|Any CPU
		{1BD6BA10-E10F-4E76-9184-A09955C143C8}.Release|Any CPU.ActiveCfg = Release|Any CPU
		{1BD6BA10-E10F-4E76-9184-A09955C143C8}.Release|Any CPU.Build.0 = Release|Any CPU
	EndGlobalSection
	GlobalSection(SolutionProperties) = preSolution
		HideSolutionNode = FALSE
	EndGlobalSection
	GlobalSection(ExtensibilityGlobals) = postSolution
		SolutionGuid = {C03F0957-DBB1-4540-B365-1B700EF37C17}
	EndGlobalSection
EndGlobal
